
Microsoft Visual Studio Solution File, Format Version 12.00
# Visual Studio Version 16
VisualStudioVersion = 16.0.29709.97
MinimumVisualStudioVersion = 15.0.26124.0
Project("{9A19103F-16F7-4668-BE54-9A1E7A4F7556}") = "Awv.Automation.Generation", "Awv.Automation.Generation\Awv.Automation.Generation.csproj", "{A36664D9-9864-46BF-B706-5D1DA5D503E0}"
EndProject
Project("{9A19103F-16F7-4668-BE54-9A1E7A4F7556}") = "Awv.Automation.Lexica", "Awv.Automation.Lexica\Awv.Automation.Lexica.csproj", "{2CD1A49C-A112-496E-A6C5-4A4F9FF6F57D}"
EndProject
Project("{9A19103F-16F7-4668-BE54-9A1E7A4F7556}") = "Awv.Automation.SocialMedia", "Awv.Automation.SocialMedia\Awv.Automation.SocialMedia.csproj", "{A6291D38-D92A-4731-AF56-AAF0A72C97C2}"
EndProject
Global
	GlobalSection(SolutionConfigurationPlatforms) = preSolution
		Debug|Any CPU = Debug|Any CPU
		Debug|x64 = Debug|x64
		Debug|x86 = Debug|x86
		Release|Any CPU = Release|Any CPU
		Release|x64 = Release|x64
		Release|x86 = Release|x86
	EndGlobalSection
	GlobalSection(ProjectConfigurationPlatforms) = postSolution
		{A36664D9-9864-46BF-B706-5D1DA5D503E0}.Debug|Any CPU.ActiveCfg = Debug|Any CPU
		{A36664D9-9864-46BF-B706-5D1DA5D503E0}.Debug|Any CPU.Build.0 = Debug|Any CPU
		{A36664D9-9864-46BF-B706-5D1DA5D503E0}.Debug|x64.ActiveCfg = Debug|Any CPU
		{A36664D9-9864-46BF-B706-5D1DA5D503E0}.Debug|x64.Build.0 = Debug|Any CPU
		{A36664D9-9864-46BF-B706-5D1DA5D503E0}.Debug|x86.ActiveCfg = Debug|Any CPU
		{A36664D9-9864-46BF-B706-5D1DA5D503E0}.Debug|x86.Build.0 = Debug|Any CPU
		{A36664D9-9864-46BF-B706-5D1DA5D503E0}.Release|Any CPU.ActiveCfg = Release|Any CPU
		{A36664D9-9864-46BF-B706-5D1DA5D503E0}.Release|Any CPU.Build.0 = Release|Any CPU
		{A36664D9-9864-46BF-B706-5D1DA5D503E0}.Release|x64.ActiveCfg = Release|Any CPU
		{A36664D9-9864-46BF-B706-5D1DA5D503E0}.Release|x64.Build.0 = Release|Any CPU
		{A36664D9-9864-46BF-B706-5D1DA5D503E0}.Release|x86.ActiveCfg = Release|Any CPU
		{A36664D9-9864-46BF-B706-5D1DA5D503E0}.Release|x86.Build.0 = Release|Any CPU
		{2CD1A49C-A112-496E-A6C5-4A4F9FF6F57D}.Debug|Any CPU.ActiveCfg = Debug|Any CPU
		{2CD1A49C-A112-496E-A6C5-4A4F9FF6F57D}.Debug|Any CPU.Build.0 = Debug|Any CPU
		{2CD1A49C-A112-496E-A6C5-4A4F9FF6F57D}.Debug|x64.ActiveCfg = Debug|Any CPU
		{2CD1A49C-A112-496E-A6C5-4A4F9FF6F57D}.Debug|x64.Build.0 = Debug|Any CPU
		{2CD1A49C-A112-496E-A6C5-4A4F9FF6F57D}.Debug|x86.ActiveCfg = Debug|Any CPU
		{2CD1A49C-A112-496E-A6C5-4A4F9FF6F57D}.Debug|x86.Build.0 = Debug|Any CPU
		{2CD1A49C-A112-496E-A6C5-4A4F9FF6F57D}.Release|Any CPU.ActiveCfg = Release|Any CPU
		{2CD1A49C-A112-496E-A6C5-4A4F9FF6F57D}.Release|Any CPU.Build.0 = Release|Any CPU
		{2CD1A49C-A112-496E-A6C5-4A4F9FF6F57D}.Release|x64.ActiveCfg = Release|Any CPU
		{2CD1A49C-A112-496E-A6C5-4A4F9FF6F57D}.Release|x64.Build.0 = Release|Any CPU
		{2CD1A49C-A112-496E-A6C5-4A4F9FF6F57D}.Release|x86.ActiveCfg = Release|Any CPU
		{2CD1A49C-A112-496E-A6C5-4A4F9FF6F57D}.Release|x86.Build.0 = Release|Any CPU
		{A6291D38-D92A-4731-AF56-AAF0A72C97C2}.Debug|Any CPU.ActiveCfg = Debug|Any CPU
		{A6291D38-D92A-4731-AF56-AAF0A72C97C2}.Debug|Any CPU.Build.0 = Debug|Any CPU
		{A6291D38-D92A-4731-AF56-AAF0A72C97C2}.Debug|x64.ActiveCfg = Debug|Any CPU
		{A6291D38-D92A-4731-AF56-AAF0A72C97C2}.Debug|x64.Build.0 = Debug|Any CPU
		{A6291D38-D92A-4731-AF56-AAF0A72C97C2}.Debug|x86.ActiveCfg = Debug|Any CPU
		{A6291D38-D92A-4731-AF56-AAF0A72C97C2}.Debug|x86.Build.0 = Debug|Any CPU
		{A6291D38-D92A-4731-AF56-AAF0A72C97C2}.Release|Any CPU.ActiveCfg = Release|Any CPU
		{A6291D38-D92A-4731-AF56-AAF0A72C97C2}.Release|Any CPU.Build.0 = Release|Any CPU
		{A6291D38-D92A-4731-AF56-AAF0A72C97C2}.Release|x64.ActiveCfg = Release|Any CPU
		{A6291D38-D92A-4731-AF56-AAF0A72C97C2}.Release|x64.Build.0 = Release|Any CPU
		{A6291D38-D92A-4731-AF56-AAF0A72C97C2}.Release|x86.ActiveCfg = Release|Any CPU
		{A6291D38-D92A-4731-AF56-AAF0A72C97C2}.Release|x86.Build.0 = Release|Any CPU
	EndGlobalSection
	GlobalSection(SolutionProperties) = preSolution
		HideSolutionNode = FALSE
	EndGlobalSection
	GlobalSection(ExtensibilityGlobals) = postSolution
		SolutionGuid = {36F570F2-9006-4EC3-8FA0-A59488ED4B31}
	EndGlobalSection
EndGlobal
